
Microsoft Visual Studio Solution File, Format Version 12.00
Project("{FAE04EC0-301F-11D3-BF4B-00C04F79EFBC}") = "ProductService", "product-service\ProductService\ProductService.csproj", "{30139DDB-3A5D-4BBE-B927-04790D391841}"
EndProject
Project("{FAE04EC0-301F-11D3-BF4B-00C04F79EFBC}") = "ProductService.Tests", "product-service\ProductService.Tests\ProductService.Tests.csproj", "{75FBED33-CA82-426C-8B59-FF9161010291}"
EndProject
Project("{FAE04EC0-301F-11D3-BF4B-00C04F79EFBC}") = "Deployment", "deployment\Deployment\Deployment.csproj", "{2A03E112-872A-4F10-A602-D3E0ED2B761D}"
EndProject
Project("{FAE04EC0-301F-11D3-BF4B-00C04F79EFBC}") = "Common", "common\Common\Common.csproj", "{CFC3C4A0-CE7E-4A91-997D-4A9DB99CA3F5}"
EndProject
Project("{FAE04EC0-301F-11D3-BF4B-00C04F79EFBC}") = "ImportService", "import-service\ImportService\ImportService.csproj", "{5B38C35A-0DC6-43F4-B466-99AE00C775EF}"
EndProject
Project("{FAE04EC0-301F-11D3-BF4B-00C04F79EFBC}") = "ImportService.Tests", "import-service\ImportService.Tests\ImportService.Tests.csproj", "{2310ECEB-8592-4D97-A835-5DF1F8BB25F3}"
EndProject
Project("{FAE04EC0-301F-11D3-BF4B-00C04F79EFBC}") = "AuthorizationService", "authorization-service\AuthorizationService\AuthorizationService.csproj", "{73800EAF-ADE8-40F8-A19C-ED6F8282E8D1}"
EndProject
Project("{FAE04EC0-301F-11D3-BF4B-00C04F79EFBC}") = "CartService", "cart-service\CartService\CartService.csproj", "{CF8819C9-7743-4A76-B749-10C9D60EF455}"
EndProject
Project("{FAE04EC0-301F-11D3-BF4B-00C04F79EFBC}") = "BffService", "bff-service\BffService\BffService.csproj", "{DDE08CD3-9384-4B16-BFA9-4BCD0BF3217D}"
EndProject
Global
	GlobalSection(SolutionConfigurationPlatforms) = preSolution
		Debug|Any CPU = Debug|Any CPU
		Release|Any CPU = Release|Any CPU
	EndGlobalSection
	GlobalSection(ProjectConfigurationPlatforms) = postSolution
		{30139DDB-3A5D-4BBE-B927-04790D391841}.Debug|Any CPU.ActiveCfg = Debug|Any CPU
		{30139DDB-3A5D-4BBE-B927-04790D391841}.Debug|Any CPU.Build.0 = Debug|Any CPU
		{30139DDB-3A5D-4BBE-B927-04790D391841}.Release|Any CPU.ActiveCfg = Release|Any CPU
		{30139DDB-3A5D-4BBE-B927-04790D391841}.Release|Any CPU.Build.0 = Release|Any CPU
		{75FBED33-CA82-426C-8B59-FF9161010291}.Debug|Any CPU.ActiveCfg = Debug|Any CPU
		{75FBED33-CA82-426C-8B59-FF9161010291}.Debug|Any CPU.Build.0 = Debug|Any CPU
		{75FBED33-CA82-426C-8B59-FF9161010291}.Release|Any CPU.ActiveCfg = Release|Any CPU
		{75FBED33-CA82-426C-8B59-FF9161010291}.Release|Any CPU.Build.0 = Release|Any CPU
		{2A03E112-872A-4F10-A602-D3E0ED2B761D}.Debug|Any CPU.ActiveCfg = Debug|Any CPU
		{2A03E112-872A-4F10-A602-D3E0ED2B761D}.Debug|Any CPU.Build.0 = Debug|Any CPU
		{2A03E112-872A-4F10-A602-D3E0ED2B761D}.Release|Any CPU.ActiveCfg = Release|Any CPU
		{2A03E112-872A-4F10-A602-D3E0ED2B761D}.Release|Any CPU.Build.0 = Release|Any CPU
		{CFC3C4A0-CE7E-4A91-997D-4A9DB99CA3F5}.Debug|Any CPU.ActiveCfg = Debug|Any CPU
		{CFC3C4A0-CE7E-4A91-997D-4A9DB99CA3F5}.Debug|Any CPU.Build.0 = Debug|Any CPU
		{CFC3C4A0-CE7E-4A91-997D-4A9DB99CA3F5}.Release|Any CPU.ActiveCfg = Release|Any CPU
		{CFC3C4A0-CE7E-4A91-997D-4A9DB99CA3F5}.Release|Any CPU.Build.0 = Release|Any CPU
		{5B38C35A-0DC6-43F4-B466-99AE00C775EF}.Debug|Any CPU.ActiveCfg = Debug|Any CPU
		{5B38C35A-0DC6-43F4-B466-99AE00C775EF}.Debug|Any CPU.Build.0 = Debug|Any CPU
		{5B38C35A-0DC6-43F4-B466-99AE00C775EF}.Release|Any CPU.ActiveCfg = Release|Any CPU
		{5B38C35A-0DC6-43F4-B466-99AE00C775EF}.Release|Any CPU.Build.0 = Release|Any CPU
		{2310ECEB-8592-4D97-A835-5DF1F8BB25F3}.Debug|Any CPU.ActiveCfg = Debug|Any CPU
		{2310ECEB-8592-4D97-A835-5DF1F8BB25F3}.Debug|Any CPU.Build.0 = Debug|Any CPU
		{2310ECEB-8592-4D97-A835-5DF1F8BB25F3}.Release|Any CPU.ActiveCfg = Release|Any CPU
		{2310ECEB-8592-4D97-A835-5DF1F8BB25F3}.Release|Any CPU.Build.0 = Release|Any CPU
		{73800EAF-ADE8-40F8-A19C-ED6F8282E8D1}.Debug|Any CPU.ActiveCfg = Debug|Any CPU
		{73800EAF-ADE8-40F8-A19C-ED6F8282E8D1}.Debug|Any CPU.Build.0 = Debug|Any CPU
		{73800EAF-ADE8-40F8-A19C-ED6F8282E8D1}.Release|Any CPU.ActiveCfg = Release|Any CPU
		{73800EAF-ADE8-40F8-A19C-ED6F8282E8D1}.Release|Any CPU.Build.0 = Release|Any CPU
		{CF8819C9-7743-4A76-B749-10C9D60EF455}.Debug|Any CPU.ActiveCfg = Debug|Any CPU
		{CF8819C9-7743-4A76-B749-10C9D60EF455}.Debug|Any CPU.Build.0 = Debug|Any CPU
		{CF8819C9-7743-4A76-B749-10C9D60EF455}.Release|Any CPU.ActiveCfg = Release|Any CPU
		{CF8819C9-7743-4A76-B749-10C9D60EF455}.Release|Any CPU.Build.0 = Release|Any CPU
		{DDE08CD3-9384-4B16-BFA9-4BCD0BF3217D}.Debug|Any CPU.ActiveCfg = Debug|Any CPU
		{DDE08CD3-9384-4B16-BFA9-4BCD0BF3217D}.Debug|Any CPU.Build.0 = Debug|Any CPU
		{DDE08CD3-9384-4B16-BFA9-4BCD0BF3217D}.Release|Any CPU.ActiveCfg = Release|Any CPU
		{DDE08CD3-9384-4B16-BFA9-4BCD0BF3217D}.Release|Any CPU.Build.0 = Release|Any CPU
	EndGlobalSection
	GlobalSection(NestedProjects) = preSolution
	EndGlobalSection
EndGlobal
