
Microsoft Visual Studio Solution File, Format Version 12.00
Project("{FAE04EC0-301F-11D3-BF4B-00C04F79EFBC}") = "ProductsService", "products-service\ProductsService\ProductsService.csproj", "{95090467-DC9A-485A-9C37-2EC904DABF7B}"
EndProject
Project("{FAE04EC0-301F-11D3-BF4B-00C04F79EFBC}") = "ProductsService.Tests", "products-service\ProductsService.Tests\ProductsService.Tests.csproj", "{29951613-ABC1-4D18-9D32-8929DF904B57}"
EndProject
Global
	GlobalSection(SolutionConfigurationPlatforms) = preSolution
		Debug|Any CPU = Debug|Any CPU
		Release|Any CPU = Release|Any CPU
	EndGlobalSection
	GlobalSection(ProjectConfigurationPlatforms) = postSolution
		{95090467-DC9A-485A-9C37-2EC904DABF7B}.Debug|Any CPU.ActiveCfg = Debug|Any CPU
		{95090467-DC9A-485A-9C37-2EC904DABF7B}.Debug|Any CPU.Build.0 = Debug|Any CPU
		{95090467-DC9A-485A-9C37-2EC904DABF7B}.Release|Any CPU.ActiveCfg = Release|Any CPU
		{95090467-DC9A-485A-9C37-2EC904DABF7B}.Release|Any CPU.Build.0 = Release|Any CPU
		{29951613-ABC1-4D18-9D32-8929DF904B57}.Debug|Any CPU.ActiveCfg = Debug|Any CPU
		{29951613-ABC1-4D18-9D32-8929DF904B57}.Debug|Any CPU.Build.0 = Debug|Any CPU
		{29951613-ABC1-4D18-9D32-8929DF904B57}.Release|Any CPU.ActiveCfg = Release|Any CPU
		{29951613-ABC1-4D18-9D32-8929DF904B57}.Release|Any CPU.Build.0 = Release|Any CPU
	EndGlobalSection
	GlobalSection(NestedProjects) = preSolution
	EndGlobalSection
EndGlobal
